{
  "version": 4,
  "terraform_version": "1.0.7",
  "serial": 203,
  "lineage": "56239921-e9c0-3451-85c9-346ca00c750b",
  "outputs": {},
  "resources": [
    {
      "mode": "data",
      "type": "template_cloudinit_config",
      "name": "k3s_agent",
      "provider": "provider[\"registry.terraform.io/hashicorp/template\"]",
      "instances": [
        {
          "schema_version": 0,
          "attributes": {
            "base64_encode": true,
            "gzip": true,
            "id": "3752420437",
            "part": [
              {
                "content": "#cloud-config\n\nruncmd:\n- echo \"Done\"",
                "content_type": "text/cloud-config",
                "filename": "init.cfg",
                "merge_type": ""
              },
              {
                "content": "#!/bin/bash\n\napt-get update\napt-get install -y software-properties-common unzip\nDEBIAN_FRONTEND=noninteractive apt-get upgrade -y\ncurl \"https://awscli.amazonaws.com/awscli-exe-linux-x86_64.zip\" -o \"awscliv2.zip\"\nunzip awscliv2.zip\nsudo ./aws/install\nrm -rf aws awscliv2.zip\n\nlocal_ip=$(curl -s http://169.254.169.254/latest/meta-data/local-ipv4)\nflannel_iface=$(ip -4 route ls | grep default | grep -Po '(?\u003c=dev )(\\S+)')\nprovider_id=\"$(curl -s http://169.254.169.254/latest/meta-data/placement/availability-zone)/$(curl -s http://169.254.169.254/latest/meta-data/instance-id)\"\n\nuntil (curl -sfL https://get.k3s.io | K3S_TOKEN=afwLKyAOmHjpeuDOkEc1Mdrn2iXDrDk7 K3S_URL=https://k3s-server-tcp-lb-3318832e41270418.elb.ap-southeast-2.amazonaws.com:6443 sh -s - --node-ip $local_ip --flannel-iface $flannel_iface --kubelet-arg=\"provider-id=aws:///$provider_id\"); do\n    echo 'k3s did not install correctly'\n    sleep 2\ndone",
                "content_type": "text/x-shellscript",
                "filename": "",
                "merge_type": ""
              }
            ],
            "rendered": "H4sIAAAAAAAA/5STb2sjNxDG3wvyHabbQGLK7J7/NEmdLiVXu/RIYpdcrrRQMLI0a0+tlYSk9Z9wH754L26clnuRV8sMj579jR7Nz84msgkfd56GUDcmsZchFTVvSV/D3DVWy7Ars/sP9+P300+T0c3Dn5nYV/g7hcjODqGbvzsRJwLxWHQiDt4jjt5FTq1WpiTVsiabrqFiQ1bWVGZsOeWqWmQvpx6DtLGigGOrnGa7GMLlnNORoEVOtE2FMq7RqJyteHEi7rmm/8F9e6wRIjRW1XooEEgtHWQjZyn7+ghvgdliXJIxUQX26Ws03xRztsVcxqUQ0idcUILGa5no35JtTNIYwB1EV6WNDIQ+OE8hMUVUrq6dhcY+sRej8fsPN5PZLw/TyeN4Miqts2wTBakSrwle/rAIUhPgTqgmGMiWKfk4LAq5icpwLmv55KzcxFy5+rmJtCU0bJstbq8uZheD/Il9Bugg+yJY99qOaEnguCdiox3ke6PieRoRasBQ7WWvpcI4Jc2MfXl63rJhhD3dsCi6Fz/kve8H+fO3MDJRTEVNSaKWSRbtUWS/HnREZaS1ZGZcSUXl6Tl7wAEE1yQCE+EzLAJ50FTJxqRDib85ODv/6cdS0xo65399/K5z1hE+uDVrCjPWZfZ2Km+kov1DL+RaspFzNpx2+OQsdYq327UXaBUh604mRGMTGzi4VHdwiHJBKV/1Y84OPsNt/+PscXo7npSy2tzd7m6m9a9/e2pG09VYde91sD3+YxRGq8tW+unhrjz4rPoRI4U1BUzKo5ljv9+9uur3aNDtXb4bdK9yMvNceoyuSUuSMWHv9QsaXgwGfYjL/ZgIiNZpQvZwesgaEJ/zwjYvOH0VHyCumjkZSijDoswOgSDrUm72kMXpUUhZ5xq0EwDwZanPVv0ImjVY97JNyoVAKpndWSuMhshDT2hn6b/rj3gi/gkAAP//e0D0mCAFAAA="
          },
          "sensitive_attributes": []
        }
      ]
    },
    {
      "mode": "data",
      "type": "template_cloudinit_config",
      "name": "k3s_server",
      "provider": "provider[\"registry.terraform.io/hashicorp/template\"]",
      "instances": [
        {
          "schema_version": 0,
          "attributes": {
            "base64_encode": true,
            "gzip": true,
            "id": "3813730866",
            "part": [
              {
                "content": "#cloud-config\n\nruncmd:\n- echo \"Done\"",
                "content_type": "text/cloud-config",
                "filename": "init.cfg",
                "merge_type": ""
              },
              {
                "content": "#!/bin/bash\n\napt-get update\napt-get install -y software-properties-common unzip\nDEBIAN_FRONTEND=noninteractive apt-get upgrade -y\ncurl \"https://awscli.amazonaws.com/awscli-exe-linux-x86_64.zip\" -o \"awscliv2.zip\"\nunzip awscliv2.zip\nsudo ./aws/install\nrm -rf aws awscliv2.zip\n\nlocal_ip=$(curl -s http://169.254.169.254/latest/meta-data/local-ipv4)\nflannel_iface=$(ip -4 route ls | grep default | grep -Po '(?\u003c=dev )(\\S+)')\nprovider_id=\"$(curl -s http://169.254.169.254/latest/meta-data/placement/availability-zone)/$(curl -s http://169.254.169.254/latest/meta-data/instance-id)\"\n\nfirst_instance=$(aws ec2 describe-instances --filters Name=tag-value,Values=k3s-server Name=instance-state-name,Values=running --query 'sort_by(Reservations[].Instances[], \u0026LaunchTime)[:-1].[InstanceId]' --output text | head -n1)\ninstance_id=$(curl -s http://169.254.169.254/latest/meta-data/instance-id)\nfirst_last=\"last\"\n\nif [[ \"$first_instance\" == \"$instance_id\" ]]; then\n    echo \"I'm the first yeeee: Cluster init!\"\n    first_last=\"first\"\n    until (curl -sfL https://get.k3s.io | K3S_TOKEN=afwLKyAOmHjpeuDOkEc1Mdrn2iXDrDk7 sh -s - --cluster-init --node-ip $local_ip --advertise-address $local_ip --flannel-iface $flannel_iface --tls-san k3s-server-tcp-lb-3318832e41270418.elb.ap-southeast-2.amazonaws.com --kubelet-arg=\"provider-id=aws:///$provider_id\"); do\n      echo 'k3s did not install correctly'\n      sleep 2\n    done\nelse\n    echo \"I'm like England :( Cluster join\"\n    until (curl -sfL https://get.k3s.io | K3S_TOKEN=afwLKyAOmHjpeuDOkEc1Mdrn2iXDrDk7 sh -s - --server https://k3s-server-tcp-lb-3318832e41270418.elb.ap-southeast-2.amazonaws.com:6443 --node-ip $local_ip --advertise-address $local_ip --flannel-iface $flannel_iface --tls-san k3s-server-tcp-lb-3318832e41270418.elb.ap-southeast-2.amazonaws.com --kubelet-arg=\"provider-id=aws:///$provider_id\"  ); do\n      echo 'k3s did not install correctly'\n      sleep 2\n    done\nfi\n\n\nuntil kubectl get pods -A | grep 'Running'; do\n  echo 'Waiting for k3s startup'\n  sleep 5\ndone\n\n#Install node termination handler\nif [[ \"$first_last\" == \"first\" ]]; then\n  echo 'Install node termination handler'\n  kubectl apply -f https://github.com/aws/aws-node-termination-handler/releases/download/v1.13.3/all-resources.yaml\nfi\n\n\n#kubectl get pods -n kube-system | grep aws-node | wc -l\n#kubectl get pods -n kube-system | grep cluster-autoscaler | wc -l\n#wget https://raw.githubusercontent.com/kubernetes/autoscaler/master/cluster-autoscaler/cloudprovider/aws/examples/cluster-autoscaler-autodiscover.yaml\n#command:\n#            - ./cluster-autoscaler\n#            - --v=4\n#            - --stderrthreshold=info\n#            - --cloud-provider=aws\n#            - --skip-nodes-with-local-storage=false\n#            - --skip-nodes-with-system-pods=false\n#            - --balance-similar-node-groups\n#            - --expander=random\n#            - --node-group-auto-discovery=asg:tag=k8s.io/cluster-autoscaler/enabled,k8s.io/cluster-autoscaler/k3s-cluster\n#       volumes:\n#        - name: ssl-certs\n#          hostPath:\n#            path: \"/etc/ssl/certs/ca-certificates.crt\"",
                "content_type": "text/x-shellscript",
                "filename": "",
                "merge_type": ""
              }
            ],
            "rendered": "H4sIAAAAAAAA/9xXf2/byBH9n0C+wxxtVBaaIU+WLnGVEkXu7KJGEvuQc68tXMMY7Q7FPS132d2lZAX58MWSYizHDq5Br//UgGXtcH68fbPzuP7BmsAm4NW24TnUrQ6qIRfyWt2xfAUL2xpJbluk787fnX1/+deL09fv/5EmcYU/s/PKmjlMsm+fJc8SxH2nZ8mQ+1T5xnoVOl8KgURVswmvoFSaDdVcpMqokIlymd5HXTkyvmSHZ0ZYqcxyDi8XKuw5dJAD34VcaNtKFNaUavkseadqfgTuYN8nSVxrRC3nCQKLykJ6ag2nX97C14C5Q1+x1l441YQvofkmXyiTL8hXSUJNwCUHaBtJgT8tlfGBtAbcgrdl2JBjbJxt2AXFHoWta2ugNR9Uk5yefX/++uL2z+8vL67OLk4LY40ygR2JoNYM9xWWjiQDbhPROg1pFULj53lOGy+0yqimD9bQxmfC1jsj8h2jVqa9w7uTF7cvZtkH1aSAFtLeYX3cWZIOCezbEt9KC1lMlO92k7ga0JXR7aFroq0gfaua4vCow4YeIrp5nk9e/CE7/m6W7f7mmgL7kNccCCUFyrtQVM16Nk5KTcawvlUlCS4Oj1QDOANn28CgPXyEpeMGJJfU6jAs8UcLo6M//bGQvIbx0T9/+v14NE4aZ9dKsrtVski/HlWjSXA86DmtSWlaKK3CFj9Yw+P869N1BBrBqOQ4TZJSOR9uB2NxeBQZZXEMkuPJWzAOzzwglkoHdh4u4rQFWuKadMvPf46fvlhNPXp2a3a9w6dSPlBgjCM6uLrWGGWWgPivlt0WRt66cLvYHr3nmIHikPvrm+x8KH598xx+95ZaI6orVfP4eo6Tm+x6eH4ub0aAaNvQtKGbH/gIFZMENJNxMiCJLfjvKNsRpsmHIo2faZKoEq6vIT18yGUKRQHp4V7pFG5uXkGo2CQAsFOM81EdTdAFw5aZeQ4/6NYHdhD17Ju0896v233vza0JSsOwpfItDKO45JCtpj5TFj7Cm+lPt1eXb84uCio3b99sX1/Wf/ml4fb0cnUmJu+kM8fq76fudPUSfBWpQUAUPQiMIADRWMmoGjgcJgwQSa6jjHhGktKx9w+e7mYIuxmCwwcjBYhBe/Rk4P7YYBAN6gVOp5OTk+kxzybHL7+dTU4y1ouMGvS2DRWTD3j8UGMAcdUuWHNAcssiHUYOlSxoE+nID/fGMB2/Amk7/nZtGK2mHqSSYOy9YgrrHIugt6Odq9fMDRx3K2kNJ6w9f9ZLrVYMZ2apyUiYH31q5S9Wmf95y3bTNyT8DZidv5jNpv9n3Qf4rfpfqiRJ+n5GBCJoiO/HxkoP+Hp4LYze92o32lXtK/6NVIgSWFoXSQAfyIW2ibX6Ot8lXY3k4HyHJ/YAArtamU4goSIjNbvPBKhTpU58ep3YV52+9K8ljBiG/VDT6C1geX9KVajaxfBmj7/94djLg7s8uWPN5Nnn0m6MtiTz9SSbTLNpTlqjY29bJ9hnW6p1T+bBYx5NhwX91geuB06HsvARNgJQ/8eBg6pRG6wXpNndp9jE2GGfjjZZv9fWsxP9Ba3bdszqDAf2+X2WvKaYN3+cv79WDgewI43vqG40+ye8u69SeWHX7HpiDuIdjYycJwew94OQPRH/uQ/iupg9Nvog2blQOfaV1bJQprSPvfrL7gA9DtMTmVaq6VrhcaNChf0tygfraMlFSVEifzWo7xHGvn0pZEG6v0yoWmly/aFbOts2T4Diu4ZMhOzISFs/driP7rjDgfFtQX45D7QsVidRiZ/qJxtaaJbPv+wRRW1n/lR6bXVbs99rIkK8Es3Be42CXXiwj8r68COF6rOmN9EEac5B5N7rvIvLBXUJVKlEvLxkwoVH/4UgPkv+HQAA//+E4mLFpw0AAA=="
          },
          "sensitive_attributes": []
        }
      ]
    },
    {
      "mode": "managed",
      "type": "aws_autoscaling_attachment",
      "name": "target",
      "provider": "provider[\"registry.terraform.io/hashicorp/aws\"]",
      "instances": [
        {
          "schema_version": 0,
          "attributes": {
            "alb_target_group_arn": "arn:aws:elasticloadbalancing:ap-southeast-2:882939736860:targetgroup/tf-20210920222537646800000002/aea81ac1c812d6d5",
            "autoscaling_group_name": "k3s_servers",
            "elb": null,
            "id": "k3s_servers-20210920223155376100000005"
          },
          "sensitive_attributes": [],
          "private": "bnVsbA==",
          "dependencies": [
            "aws_lb_target_group.k3s-server-tg",
            "aws_security_group.allow-strict",
            "data.template_cloudinit_config.k3s_server",
            "aws_autoscaling_group.k3s_servers_asg",
            "aws_iam_instance_profile.applianceprofile",
            "aws_iam_role.appliancerole",
            "aws_launch_template.k3s_server",
            "aws_lb.k3s-server-lb"
          ]
        }
      ]
    },
    {
      "mode": "managed",
      "type": "aws_autoscaling_group",
      "name": "k3s_servers_asg",
      "provider": "provider[\"registry.terraform.io/hashicorp/aws\"]",
      "instances": [
        {
          "schema_version": 0,
          "attributes": {
            "arn": "arn:aws:autoscaling:ap-southeast-2:882939736860:autoScalingGroup:ee6bdb52-b25c-4cca-98db-f2cad5cc4e3d:autoScalingGroupName/k3s_servers",
            "availability_zones": [
              "ap-southeast-2a",
              "ap-southeast-2b",
              "ap-southeast-2c"
            ],
            "capacity_rebalance": false,
            "default_cooldown": 300,
            "desired_capacity": 3,
            "enabled_metrics": [],
            "force_delete": true,
            "force_delete_warm_pool": false,
            "health_check_grace_period": 300,
            "health_check_type": "EC2",
            "id": "k3s_servers",
            "initial_lifecycle_hook": [],
            "instance_refresh": [],
            "launch_configuration": "",
            "launch_template": [],
            "load_balancers": [],
            "max_instance_lifetime": 0,
            "max_size": 4,
            "metrics_granularity": "1Minute",
            "min_elb_capacity": null,
            "min_size": 3,
            "mixed_instances_policy": [
              {
                "instances_distribution": [
                  {
                    "on_demand_allocation_strategy": "prioritized",
                    "on_demand_base_capacity": 0,
                    "on_demand_percentage_above_base_capacity": 80,
                    "spot_allocation_strategy": "capacity-optimized",
                    "spot_instance_pools": 0,
                    "spot_max_price": ""
                  }
                ],
                "launch_template": [
                  {
                    "launch_template_specification": [
                      {
                        "launch_template_id": "lt-05c6d7179288ab424",
                        "launch_template_name": "k3s_server_tpl20210920223101551800000003",
                        "version": "$Latest"
                      }
                    ],
                    "override": [
                      {
                        "instance_type": "t2.small",
                        "launch_template_specification": [],
                        "weighted_capacity": "1"
                      },
                      {
                        "instance_type": "t2.medium",
                        "launch_template_specification": [],
                        "weighted_capacity": "1"
                      },
                      {
                        "instance_type": "t3.small",
                        "launch_template_specification": [],
                        "weighted_capacity": "1"
                      },
                      {
                        "instance_type": "t3.medium",
                        "launch_template_specification": [],
                        "weighted_capacity": "1"
                      }
                    ]
                  }
                ]
              }
            ],
            "name": "k3s_servers",
            "name_prefix": "",
            "placement_group": "",
            "protect_from_scale_in": false,
            "service_linked_role_arn": "arn:aws:iam::882939736860:role/aws-service-role/autoscaling.amazonaws.com/AWSServiceRoleForAutoScaling",
            "suspended_processes": [],
            "tag": [
              {
                "key": "Name",
                "propagate_at_launch": true,
                "value": "k3s-server"
              },
              {
                "key": "k8s.io/cluster-autoscaler/enabled",
                "propagate_at_launch": true,
                "value": ""
              },
              {
                "key": "k8s.io/cluster-autoscaler/k3s-cluster",
                "propagate_at_launch": true,
                "value": ""
              }
            ],
            "tags": null,
            "target_group_arns": [
              "arn:aws:elasticloadbalancing:ap-southeast-2:882939736860:targetgroup/tf-20210920222537646800000002/aea81ac1c812d6d5"
            ],
            "termination_policies": [],
            "timeouts": null,
            "vpc_zone_identifier": [
              "subnet-05510c44c140df32c",
              "subnet-0632b5247009cd914",
              "subnet-0af7e18735801b50f"
            ],
            "wait_for_capacity_timeout": "5m",
            "wait_for_elb_capacity": null,
            "warm_pool": []
          },
          "sensitive_attributes": [],
          "private": "eyJlMmJmYjczMC1lY2FhLTExZTYtOGY4OC0zNDM2M2JjN2M0YzAiOnsiZGVsZXRlIjo2MDAwMDAwMDAwMDB9fQ==",
          "dependencies": [
            "aws_iam_instance_profile.applianceprofile",
            "aws_iam_role.appliancerole",
            "aws_launch_template.k3s_server",
            "aws_lb.k3s-server-lb",
            "aws_security_group.allow-strict",
            "data.template_cloudinit_config.k3s_server"
          ],
          "create_before_destroy": true
        }
      ]
    },
    {
      "mode": "managed",
      "type": "aws_autoscaling_group",
      "name": "k3s_workers_asg",
      "provider": "provider[\"registry.terraform.io/hashicorp/aws\"]",
      "instances": [
        {
          "schema_version": 0,
          "attributes": {
            "arn": "arn:aws:autoscaling:ap-southeast-2:882939736860:autoScalingGroup:f49f4126-a5fc-4b2e-b1b4-79c8a8a657a3:autoScalingGroupName/k3s_workers",
            "availability_zones": [
              "ap-southeast-2a",
              "ap-southeast-2b",
              "ap-southeast-2c"
            ],
            "capacity_rebalance": false,
            "default_cooldown": 300,
            "desired_capacity": 3,
            "enabled_metrics": [],
            "force_delete": true,
            "force_delete_warm_pool": false,
            "health_check_grace_period": 300,
            "health_check_type": "EC2",
            "id": "k3s_workers",
            "initial_lifecycle_hook": [],
            "instance_refresh": [],
            "launch_configuration": "",
            "launch_template": [],
            "load_balancers": [],
            "max_instance_lifetime": 0,
            "max_size": 4,
            "metrics_granularity": "1Minute",
            "min_elb_capacity": null,
            "min_size": 3,
            "mixed_instances_policy": [
              {
                "instances_distribution": [
                  {
                    "on_demand_allocation_strategy": "prioritized",
                    "on_demand_base_capacity": 0,
                    "on_demand_percentage_above_base_capacity": 80,
                    "spot_allocation_strategy": "capacity-optimized",
                    "spot_instance_pools": 0,
                    "spot_max_price": ""
                  }
                ],
                "launch_template": [
                  {
                    "launch_template_specification": [
                      {
                        "launch_template_id": "lt-0f9df1f9b47aee311",
                        "launch_template_name": "k3s_agent_tpl20210920223101539700000001",
                        "version": "$Latest"
                      }
                    ],
                    "override": [
                      {
                        "instance_type": "t2.small",
                        "launch_template_specification": [],
                        "weighted_capacity": "1"
                      },
                      {
                        "instance_type": "t2.medium",
                        "launch_template_specification": [],
                        "weighted_capacity": "1"
                      },
                      {
                        "instance_type": "t3.small",
                        "launch_template_specification": [],
                        "weighted_capacity": "1"
                      },
                      {
                        "instance_type": "t3.medium",
                        "launch_template_specification": [],
                        "weighted_capacity": "1"
                      }
                    ]
                  }
                ]
              }
            ],
            "name": "k3s_workers",
            "name_prefix": "",
            "placement_group": "",
            "protect_from_scale_in": false,
            "service_linked_role_arn": "arn:aws:iam::882939736860:role/aws-service-role/autoscaling.amazonaws.com/AWSServiceRoleForAutoScaling",
            "suspended_processes": [],
            "tag": [
              {
                "key": "Name",
                "propagate_at_launch": true,
                "value": "k3s-worker"
              },
              {
                "key": "k8s.io/cluster-autoscaler/enabled",
                "propagate_at_launch": true,
                "value": ""
              },
              {
                "key": "k8s.io/cluster-autoscaler/k3s-cluster",
                "propagate_at_launch": true,
                "value": ""
              }
            ],
            "tags": null,
            "target_group_arns": [],
            "termination_policies": [],
            "timeouts": null,
            "vpc_zone_identifier": [
              "subnet-05510c44c140df32c",
              "subnet-0632b5247009cd914",
              "subnet-0af7e18735801b50f"
            ],
            "wait_for_capacity_timeout": "10m",
            "wait_for_elb_capacity": null,
            "warm_pool": []
          },
          "sensitive_attributes": [],
          "private": "eyJlMmJmYjczMC1lY2FhLTExZTYtOGY4OC0zNDM2M2JjN2M0YzAiOnsiZGVsZXRlIjo2MDAwMDAwMDAwMDB9fQ==",
          "dependencies": [
            "aws_security_group.allow-strict",
            "data.template_cloudinit_config.k3s_agent",
            "aws_iam_instance_profile.applianceprofile",
            "aws_iam_role.appliancerole",
            "aws_launch_template.k3s_agent",
            "aws_lb.k3s-server-lb"
          ]
        }
      ]
    },
    {
      "mode": "managed",
      "type": "aws_iam_instance_profile",
      "name": "applianceprofile",
      "provider": "provider[\"registry.terraform.io/hashicorp/aws\"]",
      "instances": [
        {
          "schema_version": 0,
          "attributes": {
            "arn": "arn:aws:iam::882939736860:instance-profile/applianceprofile",
            "create_date": "2021-09-20T22:30:58Z",
            "id": "applianceprofile",
            "name": "applianceprofile",
            "name_prefix": null,
            "path": "/",
            "role": "SpecificRoutingDemo-SpecificRoutingAppliance",
            "tags": {},
            "tags_all": {
              "Owner": "Terraform",
              "PortfolioTag": "k3s-poc",
              "ProductTag": "k3s-poc",
              "UUID": "123456"
            },
            "unique_id": "AIPA43E2PGMOM2FFALFHT"
          },
          "sensitive_attributes": [],
          "private": "bnVsbA==",
          "dependencies": [
            "aws_iam_role.appliancerole"
          ],
          "create_before_destroy": true
        }
      ]
    },
    {
      "mode": "managed",
      "type": "aws_iam_policy_attachment",
      "name": "ssmmanagedpolicy_attach",
      "provider": "provider[\"registry.terraform.io/hashicorp/aws\"]",
      "instances": [
        {
          "schema_version": 0,
          "attributes": {
            "groups": [],
            "id": "SSMManagedInstanceCore-attachment",
            "name": "SSMManagedInstanceCore-attachment",
            "policy_arn": "arn:aws:iam::aws:policy/AmazonSSMManagedInstanceCore",
            "roles": [
              "SpecificRoutingDemo-SpecificRoutingAppliance"
            ],
            "users": []
          },
          "sensitive_attributes": [],
          "private": "bnVsbA==",
          "dependencies": [
            "aws_iam_role.appliancerole"
          ]
        }
      ]
    },
    {
      "mode": "managed",
      "type": "aws_iam_role",
      "name": "appliancerole",
      "provider": "provider[\"registry.terraform.io/hashicorp/aws\"]",
      "instances": [
        {
          "schema_version": 0,
          "attributes": {
            "arn": "arn:aws:iam::882939736860:role/SpecificRoutingDemo-SpecificRoutingAppliance",
            "assume_role_policy": "{\"Version\":\"2012-10-17\",\"Statement\":[{\"Sid\":\"\",\"Effect\":\"Allow\",\"Principal\":{\"Service\":\"ec2.amazonaws.com\"},\"Action\":\"sts:AssumeRole\"}]}",
            "create_date": "2021-09-20T22:30:55Z",
            "description": "",
            "force_detach_policies": false,
            "id": "SpecificRoutingDemo-SpecificRoutingAppliance",
            "inline_policy": [
              {
                "name": "appliancerole_policy",
                "policy": "{\"Statement\":[{\"Action\":[\"ssmmessages:*\",\"ssm:UpdateInstanceInformation\",\"ec2messages:*\",\"autoscaling:DescribeAutoScalingGroups\",\"autoscaling:DescribeAutoScalingInstances\",\"autoscaling:DescribeLaunchConfigurations\",\"autoscaling:SetDesiredCapacity\",\"autoscaling:TerminateInstanceInAutoScalingGroup\",\"autoscaling:DescribeTags\",\"ec2:DescribeLaunchTemplateVersions\"],\"Effect\":\"Allow\",\"Resource\":\"*\"}],\"Version\":\"2012-10-17\"}"
              }
            ],
            "managed_policy_arns": [
              "arn:aws:iam::aws:policy/AmazonSSMManagedInstanceCore"
            ],
            "max_session_duration": 3600,
            "name": "SpecificRoutingDemo-SpecificRoutingAppliance",
            "name_prefix": null,
            "path": "/",
            "permissions_boundary": null,
            "tags": {},
            "tags_all": {
              "Owner": "Terraform",
              "PortfolioTag": "k3s-poc",
              "ProductTag": "k3s-poc",
              "UUID": "123456"
            },
            "unique_id": "AROA43E2PGMOLPQUKYVUZ"
          },
          "sensitive_attributes": [],
          "private": "bnVsbA==",
          "create_before_destroy": true
        }
      ]
    },
    {
      "mode": "managed",
      "type": "aws_iam_role_policy",
      "name": "appliancerole_policy",
      "provider": "provider[\"registry.terraform.io/hashicorp/aws\"]",
      "instances": [
        {
          "schema_version": 0,
          "attributes": {
            "id": "SpecificRoutingDemo-SpecificRoutingAppliance:appliancerole_policy",
            "name": "appliancerole_policy",
            "name_prefix": null,
            "policy": "{\"Statement\":[{\"Action\":[\"ssmmessages:*\",\"ssm:UpdateInstanceInformation\",\"ec2messages:*\",\"autoscaling:DescribeAutoScalingGroups\",\"autoscaling:DescribeAutoScalingInstances\",\"autoscaling:DescribeLaunchConfigurations\",\"autoscaling:SetDesiredCapacity\",\"autoscaling:TerminateInstanceInAutoScalingGroup\",\"autoscaling:DescribeTags\",\"ec2:DescribeLaunchTemplateVersions\"],\"Effect\":\"Allow\",\"Resource\":\"*\"}],\"Version\":\"2012-10-17\"}",
            "role": "SpecificRoutingDemo-SpecificRoutingAppliance"
          },
          "sensitive_attributes": [],
          "private": "bnVsbA==",
          "dependencies": [
            "aws_iam_role.appliancerole"
          ]
        }
      ]
    },
    {
      "mode": "managed",
      "type": "aws_launch_template",
      "name": "k3s_agent",
      "provider": "provider[\"registry.terraform.io/hashicorp/aws\"]",
      "instances": [
        {
          "schema_version": 0,
          "attributes": {
            "arn": "arn:aws:ec2:ap-southeast-2:882939736860:launch-template/lt-0f9df1f9b47aee311",
            "block_device_mappings": [
              {
                "device_name": "/dev/sda1",
                "ebs": [
                  {
                    "delete_on_termination": "",
                    "encrypted": "true",
                    "iops": 0,
                    "kms_key_id": "",
                    "snapshot_id": "",
                    "throughput": 0,
                    "volume_size": 20,
                    "volume_type": ""
                  }
                ],
                "no_device": "",
                "virtual_name": ""
              }
            ],
            "capacity_reservation_specification": [],
            "cpu_options": [],
            "credit_specification": [],
            "default_version": 1,
            "description": "",
            "disable_api_termination": false,
            "ebs_optimized": "",
            "elastic_gpu_specifications": [],
            "elastic_inference_accelerator": [],
            "enclave_options": [],
            "hibernation_options": [],
            "iam_instance_profile": [
              {
                "arn": "",
                "name": "applianceprofile"
              }
            ],
            "id": "lt-0f9df1f9b47aee311",
            "image_id": "ami-0567f647e75c7bc05",
            "instance_initiated_shutdown_behavior": "",
            "instance_market_options": [],
            "instance_type": "t2.small",
            "kernel_id": "",
            "key_name": "",
            "latest_version": 1,
            "license_specification": [],
            "metadata_options": [],
            "monitoring": [],
            "name": "k3s_agent_tpl20210920223101539700000001",
            "name_prefix": "k3s_agent_tpl",
            "network_interfaces": [
              {
                "associate_carrier_ip_address": "",
                "associate_public_ip_address": "true",
                "delete_on_termination": "",
                "description": "",
                "device_index": 0,
                "interface_type": "",
                "ipv4_address_count": 0,
                "ipv4_addresses": [],
                "ipv6_address_count": 0,
                "ipv6_addresses": [],
                "network_interface_id": "",
                "private_ip_address": "",
                "security_groups": [
                  "sg-0aee0d94a1709ac3e"
                ],
                "subnet_id": ""
              }
            ],
            "placement": [],
            "ram_disk_id": "",
            "security_group_names": [],
            "tag_specifications": [],
            "tags": {},
            "tags_all": {
              "Owner": "Terraform",
              "PortfolioTag": "k3s-poc",
              "ProductTag": "k3s-poc",
              "UUID": "123456"
            },
            "update_default_version": null,
            "user_data": "H4sIAAAAAAAA/5STb2sjNxDG3wvyHabbQGLK7J7/NEmdLiVXu/RIYpdcrrRQMLI0a0+tlYSk9Z9wH754L26clnuRV8sMj579jR7Nz84msgkfd56GUDcmsZchFTVvSV/D3DVWy7Ars/sP9+P300+T0c3Dn5nYV/g7hcjODqGbvzsRJwLxWHQiDt4jjt5FTq1WpiTVsiabrqFiQ1bWVGZsOeWqWmQvpx6DtLGigGOrnGa7GMLlnNORoEVOtE2FMq7RqJyteHEi7rmm/8F9e6wRIjRW1XooEEgtHWQjZyn7+ghvgdliXJIxUQX26Ws03xRztsVcxqUQ0idcUILGa5no35JtTNIYwB1EV6WNDIQ+OE8hMUVUrq6dhcY+sRej8fsPN5PZLw/TyeN4Miqts2wTBakSrwle/rAIUhPgTqgmGMiWKfk4LAq5icpwLmv55KzcxFy5+rmJtCU0bJstbq8uZheD/Il9Bugg+yJY99qOaEnguCdiox3ke6PieRoRasBQ7WWvpcI4Jc2MfXl63rJhhD3dsCi6Fz/kve8H+fO3MDJRTEVNSaKWSRbtUWS/HnREZaS1ZGZcSUXl6Tl7wAEE1yQCE+EzLAJ50FTJxqRDib85ODv/6cdS0xo65399/K5z1hE+uDVrCjPWZfZ2Km+kov1DL+RaspFzNpx2+OQsdYq327UXaBUh604mRGMTGzi4VHdwiHJBKV/1Y84OPsNt/+PscXo7npSy2tzd7m6m9a9/e2pG09VYde91sD3+YxRGq8tW+unhrjz4rPoRI4U1BUzKo5ljv9+9uur3aNDtXb4bdK9yMvNceoyuSUuSMWHv9QsaXgwGfYjL/ZgIiNZpQvZwesgaEJ/zwjYvOH0VHyCumjkZSijDoswOgSDrUm72kMXpUUhZ5xq0EwDwZanPVv0ImjVY97JNyoVAKpndWSuMhshDT2hn6b/rj3gi/gkAAP//e0D0mCAFAAA=",
            "vpc_security_group_ids": []
          },
          "sensitive_attributes": [],
          "private": "bnVsbA==",
          "dependencies": [
            "data.template_cloudinit_config.k3s_agent",
            "aws_iam_instance_profile.applianceprofile",
            "aws_iam_role.appliancerole",
            "aws_lb.k3s-server-lb",
            "aws_security_group.allow-strict"
          ]
        }
      ]
    },
    {
      "mode": "managed",
      "type": "aws_launch_template",
      "name": "k3s_server",
      "provider": "provider[\"registry.terraform.io/hashicorp/aws\"]",
      "instances": [
        {
          "schema_version": 0,
          "attributes": {
            "arn": "arn:aws:ec2:ap-southeast-2:882939736860:launch-template/lt-05c6d7179288ab424",
            "block_device_mappings": [
              {
                "device_name": "/dev/sda1",
                "ebs": [
                  {
                    "delete_on_termination": "",
                    "encrypted": "true",
                    "iops": 0,
                    "kms_key_id": "",
                    "snapshot_id": "",
                    "throughput": 0,
                    "volume_size": 20,
                    "volume_type": ""
                  }
                ],
                "no_device": "",
                "virtual_name": ""
              }
            ],
            "capacity_reservation_specification": [],
            "cpu_options": [],
            "credit_specification": [],
            "default_version": 1,
            "description": "",
            "disable_api_termination": false,
            "ebs_optimized": "",
            "elastic_gpu_specifications": [],
            "elastic_inference_accelerator": [],
            "enclave_options": [],
            "hibernation_options": [],
            "iam_instance_profile": [
              {
                "arn": "",
                "name": "applianceprofile"
              }
            ],
            "id": "lt-05c6d7179288ab424",
            "image_id": "ami-0567f647e75c7bc05",
            "instance_initiated_shutdown_behavior": "",
            "instance_market_options": [],
            "instance_type": "t2.small",
            "kernel_id": "",
            "key_name": "",
            "latest_version": 1,
            "license_specification": [],
            "metadata_options": [],
            "monitoring": [],
            "name": "k3s_server_tpl20210920223101551800000003",
            "name_prefix": "k3s_server_tpl",
            "network_interfaces": [
              {
                "associate_carrier_ip_address": "",
                "associate_public_ip_address": "true",
                "delete_on_termination": "",
                "description": "",
                "device_index": 0,
                "interface_type": "",
                "ipv4_address_count": 0,
                "ipv4_addresses": [],
                "ipv6_address_count": 0,
                "ipv6_addresses": [],
                "network_interface_id": "",
                "private_ip_address": "",
                "security_groups": [
                  "sg-0aee0d94a1709ac3e"
                ],
                "subnet_id": ""
              }
            ],
            "placement": [],
            "ram_disk_id": "",
            "security_group_names": [],
            "tag_specifications": [],
            "tags": {},
            "tags_all": {
              "Owner": "Terraform",
              "PortfolioTag": "k3s-poc",
              "ProductTag": "k3s-poc",
              "UUID": "123456"
            },
            "update_default_version": null,
            "user_data": "H4sIAAAAAAAA/9xXf2/byBH9n0C+wxxtVBaaIU+WLnGVEkXu7KJGEvuQc68tXMMY7Q7FPS132d2lZAX58MWSYizHDq5Br//UgGXtcH68fbPzuP7BmsAm4NW24TnUrQ6qIRfyWt2xfAUL2xpJbluk787fnX1/+deL09fv/5EmcYU/s/PKmjlMsm+fJc8SxH2nZ8mQ+1T5xnoVOl8KgURVswmvoFSaDdVcpMqokIlymd5HXTkyvmSHZ0ZYqcxyDi8XKuw5dJAD34VcaNtKFNaUavkseadqfgTuYN8nSVxrRC3nCQKLykJ6ag2nX97C14C5Q1+x1l441YQvofkmXyiTL8hXSUJNwCUHaBtJgT8tlfGBtAbcgrdl2JBjbJxt2AXFHoWta2ugNR9Uk5yefX/++uL2z+8vL67OLk4LY40ygR2JoNYM9xWWjiQDbhPROg1pFULj53lOGy+0yqimD9bQxmfC1jsj8h2jVqa9w7uTF7cvZtkH1aSAFtLeYX3cWZIOCezbEt9KC1lMlO92k7ga0JXR7aFroq0gfaua4vCow4YeIrp5nk9e/CE7/m6W7f7mmgL7kNccCCUFyrtQVM16Nk5KTcawvlUlCS4Oj1QDOANn28CgPXyEpeMGJJfU6jAs8UcLo6M//bGQvIbx0T9/+v14NE4aZ9dKsrtVski/HlWjSXA86DmtSWlaKK3CFj9Yw+P869N1BBrBqOQ4TZJSOR9uB2NxeBQZZXEMkuPJWzAOzzwglkoHdh4u4rQFWuKadMvPf46fvlhNPXp2a3a9w6dSPlBgjCM6uLrWGGWWgPivlt0WRt66cLvYHr3nmIHikPvrm+x8KH598xx+95ZaI6orVfP4eo6Tm+x6eH4ub0aAaNvQtKGbH/gIFZMENJNxMiCJLfjvKNsRpsmHIo2faZKoEq6vIT18yGUKRQHp4V7pFG5uXkGo2CQAsFOM81EdTdAFw5aZeQ4/6NYHdhD17Ju0896v233vza0JSsOwpfItDKO45JCtpj5TFj7Cm+lPt1eXb84uCio3b99sX1/Wf/ml4fb0cnUmJu+kM8fq76fudPUSfBWpQUAUPQiMIADRWMmoGjgcJgwQSa6jjHhGktKx9w+e7mYIuxmCwwcjBYhBe/Rk4P7YYBAN6gVOp5OTk+kxzybHL7+dTU4y1ouMGvS2DRWTD3j8UGMAcdUuWHNAcssiHUYOlSxoE+nID/fGMB2/Amk7/nZtGK2mHqSSYOy9YgrrHIugt6Odq9fMDRx3K2kNJ6w9f9ZLrVYMZ2apyUiYH31q5S9Wmf95y3bTNyT8DZidv5jNpv9n3Qf4rfpfqiRJ+n5GBCJoiO/HxkoP+Hp4LYze92o32lXtK/6NVIgSWFoXSQAfyIW2ibX6Ot8lXY3k4HyHJ/YAArtamU4goSIjNbvPBKhTpU58ep3YV52+9K8ljBiG/VDT6C1geX9KVajaxfBmj7/94djLg7s8uWPN5Nnn0m6MtiTz9SSbTLNpTlqjY29bJ9hnW6p1T+bBYx5NhwX91geuB06HsvARNgJQ/8eBg6pRG6wXpNndp9jE2GGfjjZZv9fWsxP9Ba3bdszqDAf2+X2WvKaYN3+cv79WDgewI43vqG40+ye8u69SeWHX7HpiDuIdjYycJwew94OQPRH/uQ/iupg9Nvog2blQOfaV1bJQprSPvfrL7gA9DtMTmVaq6VrhcaNChf0tygfraMlFSVEifzWo7xHGvn0pZEG6v0yoWmly/aFbOts2T4Diu4ZMhOzISFs/driP7rjDgfFtQX45D7QsVidRiZ/qJxtaaJbPv+wRRW1n/lR6bXVbs99rIkK8Es3Be42CXXiwj8r68COF6rOmN9EEac5B5N7rvIvLBXUJVKlEvLxkwoVH/4UgPkv+HQAA//+E4mLFpw0AAA==",
            "vpc_security_group_ids": []
          },
          "sensitive_attributes": [],
          "private": "bnVsbA==",
          "dependencies": [
            "aws_lb.k3s-server-lb",
            "aws_security_group.allow-strict",
            "data.template_cloudinit_config.k3s_server",
            "aws_iam_instance_profile.applianceprofile",
            "aws_iam_role.appliancerole"
          ],
          "create_before_destroy": true
        }
      ]
    },
    {
      "mode": "managed",
      "type": "aws_lb",
      "name": "k3s-server-lb",
      "provider": "provider[\"registry.terraform.io/hashicorp/aws\"]",
      "instances": [
        {
          "schema_version": 0,
          "attributes": {
            "access_logs": [
              {
                "bucket": "",
                "enabled": false,
                "prefix": ""
              }
            ],
            "arn": "arn:aws:elasticloadbalancing:ap-southeast-2:882939736860:loadbalancer/net/k3s-server-tcp-lb/3318832e41270418",
            "arn_suffix": "net/k3s-server-tcp-lb/3318832e41270418",
            "customer_owned_ipv4_pool": "",
            "dns_name": "k3s-server-tcp-lb-3318832e41270418.elb.ap-southeast-2.amazonaws.com",
            "drop_invalid_header_fields": null,
            "enable_cross_zone_load_balancing": true,
            "enable_deletion_protection": false,
            "enable_http2": null,
            "id": "arn:aws:elasticloadbalancing:ap-southeast-2:882939736860:loadbalancer/net/k3s-server-tcp-lb/3318832e41270418",
            "idle_timeout": null,
            "internal": true,
            "ip_address_type": "ipv4",
            "load_balancer_type": "network",
            "name": "k3s-server-tcp-lb",
            "name_prefix": null,
            "security_groups": [],
            "subnet_mapping": [
              {
                "allocation_id": "",
                "ipv6_address": "",
                "outpost_id": "",
                "private_ipv4_address": "",
                "subnet_id": "subnet-05510c44c140df32c"
              },
              {
                "allocation_id": "",
                "ipv6_address": "",
                "outpost_id": "",
                "private_ipv4_address": "",
                "subnet_id": "subnet-0632b5247009cd914"
              },
              {
                "allocation_id": "",
                "ipv6_address": "",
                "outpost_id": "",
                "private_ipv4_address": "",
                "subnet_id": "subnet-0af7e18735801b50f"
              }
            ],
            "subnets": [
              "subnet-05510c44c140df32c",
              "subnet-0632b5247009cd914",
              "subnet-0af7e18735801b50f"
            ],
            "tags": {},
            "tags_all": {
              "Owner": "Terraform",
              "PortfolioTag": "k3s-poc",
              "ProductTag": "k3s-poc",
              "UUID": "123456"
            },
            "timeouts": null,
            "vpc_id": "vpc-0c0537324b4a8cdcd",
            "zone_id": "ZCT6FZBF4DROD"
          },
          "sensitive_attributes": [],
          "private": "eyJlMmJmYjczMC1lY2FhLTExZTYtOGY4OC0zNDM2M2JjN2M0YzAiOnsiY3JlYXRlIjo2MDAwMDAwMDAwMDAsImRlbGV0ZSI6NjAwMDAwMDAwMDAwLCJ1cGRhdGUiOjYwMDAwMDAwMDAwMH19",
          "create_before_destroy": true
        }
      ]
    },
    {
      "mode": "managed",
      "type": "aws_lb_listener",
      "name": "k3s-server-listener",
      "provider": "provider[\"registry.terraform.io/hashicorp/aws\"]",
      "instances": [
        {
          "schema_version": 0,
          "attributes": {
            "alpn_policy": null,
            "arn": "arn:aws:elasticloadbalancing:ap-southeast-2:882939736860:listener/net/k3s-server-tcp-lb/3318832e41270418/ea634407b9cd269d",
            "certificate_arn": null,
            "default_action": [
              {
                "authenticate_cognito": [],
                "authenticate_oidc": [],
                "fixed_response": [],
                "forward": [],
                "order": 1,
                "redirect": [],
                "target_group_arn": "arn:aws:elasticloadbalancing:ap-southeast-2:882939736860:targetgroup/tf-20210920222537646800000002/aea81ac1c812d6d5",
                "type": "forward"
              }
            ],
            "id": "arn:aws:elasticloadbalancing:ap-southeast-2:882939736860:listener/net/k3s-server-tcp-lb/3318832e41270418/ea634407b9cd269d",
            "load_balancer_arn": "arn:aws:elasticloadbalancing:ap-southeast-2:882939736860:loadbalancer/net/k3s-server-tcp-lb/3318832e41270418",
            "port": 6443,
            "protocol": "TCP",
            "ssl_policy": "",
            "tags": {},
            "tags_all": {
              "Owner": "Terraform",
              "PortfolioTag": "k3s-poc",
              "ProductTag": "k3s-poc",
              "UUID": "123456"
            },
            "timeouts": null
          },
          "sensitive_attributes": [],
          "private": "eyJlMmJmYjczMC1lY2FhLTExZTYtOGY4OC0zNDM2M2JjN2M0YzAiOnsicmVhZCI6NjAwMDAwMDAwMDAwfX0=",
          "dependencies": [
            "aws_lb.k3s-server-lb",
            "aws_lb_target_group.k3s-server-tg"
          ]
        }
      ]
    },
    {
      "mode": "managed",
      "type": "aws_lb_target_group",
      "name": "k3s-server-tg",
      "provider": "provider[\"registry.terraform.io/hashicorp/aws\"]",
      "instances": [
        {
          "schema_version": 0,
          "attributes": {
            "arn": "arn:aws:elasticloadbalancing:ap-southeast-2:882939736860:targetgroup/tf-20210920222537646800000002/aea81ac1c812d6d5",
            "arn_suffix": "targetgroup/tf-20210920222537646800000002/aea81ac1c812d6d5",
            "deregistration_delay": 300,
            "health_check": [
              {
                "enabled": true,
                "healthy_threshold": 3,
                "interval": 30,
                "matcher": "",
                "path": "",
                "port": "traffic-port",
                "protocol": "TCP",
                "timeout": 10,
                "unhealthy_threshold": 3
              }
            ],
            "id": "arn:aws:elasticloadbalancing:ap-southeast-2:882939736860:targetgroup/tf-20210920222537646800000002/aea81ac1c812d6d5",
            "lambda_multi_value_headers_enabled": false,
            "load_balancing_algorithm_type": null,
            "name": "tf-20210920222537646800000002",
            "name_prefix": null,
            "port": 6443,
            "preserve_client_ip": "true",
            "protocol": "TCP",
            "protocol_version": null,
            "proxy_protocol_v2": false,
            "slow_start": 0,
            "stickiness": [
              {
                "cookie_duration": 0,
                "cookie_name": "",
                "enabled": false,
                "type": "source_ip"
              }
            ],
            "tags": {},
            "tags_all": {
              "Owner": "Terraform",
              "PortfolioTag": "k3s-poc",
              "ProductTag": "k3s-poc",
              "UUID": "123456"
            },
            "target_type": "instance",
            "vpc_id": "vpc-0c0537324b4a8cdcd"
          },
          "sensitive_attributes": [],
          "private": "bnVsbA==",
          "dependencies": [
            "aws_lb.k3s-server-lb"
          ],
          "create_before_destroy": true
        }
      ]
    },
    {
      "mode": "managed",
      "type": "aws_route53_record",
      "name": "learn_prac-ed_orangenetwork_local",
      "provider": "provider[\"registry.terraform.io/hashicorp/aws\"]",
      "instances": [
        {
          "schema_version": 2,
          "attributes": {
            "alias": [
              {
                "evaluate_target_health": false,
                "name": "k3s-server-tcp-lb-3318832e41270418.elb.ap-southeast-2.amazonaws.com",
                "zone_id": "ZCT6FZBF4DROD"
              }
            ],
            "allow_overwrite": false,
            "failover_routing_policy": [],
            "fqdn": "learn.prac-ed.orangenetwork.local",
            "geolocation_routing_policy": [],
            "health_check_id": null,
            "id": "Z00836281HBRUFHTX6EFK_learn.prac-ed.orangenetwork.local_A",
            "latency_routing_policy": [],
            "multivalue_answer_routing_policy": null,
            "name": "learn.prac-ed.orangenetwork.local",
            "records": null,
            "set_identifier": null,
            "ttl": null,
            "type": "A",
            "weighted_routing_policy": [],
            "zone_id": "Z00836281HBRUFHTX6EFK"
          },
          "sensitive_attributes": [],
          "private": "eyJzY2hlbWFfdmVyc2lvbiI6IjIifQ==",
          "dependencies": [
            "aws_lb.k3s-server-lb",
            "aws_route53_zone.orangenetwork"
          ]
        }
      ]
    },
    {
      "mode": "managed",
      "type": "aws_route53_zone",
      "name": "orangenetwork",
      "provider": "provider[\"registry.terraform.io/hashicorp/aws\"]",
      "instances": [
        {
          "schema_version": 0,
          "attributes": {
            "arn": "arn:aws:route53:::hostedzone/Z00836281HBRUFHTX6EFK",
            "comment": "Managed by Terraform",
            "delegation_set_id": "",
            "force_destroy": false,
            "id": "Z00836281HBRUFHTX6EFK",
            "name": "orangenetwork.local",
            "name_servers": [
              "ns-1242.awsdns-27.org",
              "ns-197.awsdns-24.com",
              "ns-2015.awsdns-59.co.uk",
              "ns-621.awsdns-13.net"
            ],
            "tags": {},
            "tags_all": {
              "Owner": "Terraform",
              "PortfolioTag": "k3s-poc",
              "ProductTag": "k3s-poc",
              "UUID": "123456"
            },
            "vpc": [],
            "zone_id": "Z00836281HBRUFHTX6EFK"
          },
          "sensitive_attributes": [],
          "private": "bnVsbA=="
        }
      ]
    },
    {
      "mode": "managed",
      "type": "aws_security_group",
      "name": "allow-strict",
      "provider": "provider[\"registry.terraform.io/hashicorp/aws\"]",
      "instances": [
        {
          "schema_version": 1,
          "attributes": {
            "arn": "arn:aws:ec2:ap-southeast-2:882939736860:security-group/sg-0aee0d94a1709ac3e",
            "description": "security group that allows ssh and all egress traffic",
            "egress": [
              {
                "cidr_blocks": [
                  "0.0.0.0/0"
                ],
                "description": "",
                "from_port": 0,
                "ipv6_cidr_blocks": [],
                "prefix_list_ids": [],
                "protocol": "-1",
                "security_groups": [],
                "self": false,
                "to_port": 0
              }
            ],
            "id": "sg-0aee0d94a1709ac3e",
            "ingress": [
              {
                "cidr_blocks": [
                  "0.0.0.0/32"
                ],
                "description": "",
                "from_port": 22,
                "ipv6_cidr_blocks": [],
                "prefix_list_ids": [],
                "protocol": "tcp",
                "security_groups": [],
                "self": false,
                "to_port": 22
              },
              {
                "cidr_blocks": [
                  "172.31.0.0/16"
                ],
                "description": "",
                "from_port": 6443,
                "ipv6_cidr_blocks": [],
                "prefix_list_ids": [],
                "protocol": "tcp",
                "security_groups": [],
                "self": false,
                "to_port": 6443
              },
              {
                "cidr_blocks": [],
                "description": "",
                "from_port": 0,
                "ipv6_cidr_blocks": [],
                "prefix_list_ids": [],
                "protocol": "-1",
                "security_groups": [],
                "self": true,
                "to_port": 0
              }
            ],
            "name": "allow-strict",
            "name_prefix": "",
            "owner_id": "882939736860",
            "revoke_rules_on_delete": false,
            "tags": {
              "Name": "allow-strict"
            },
            "tags_all": {
              "Name": "allow-strict",
              "Owner": "Terraform",
              "PortfolioTag": "k3s-poc",
              "ProductTag": "k3s-poc",
              "UUID": "123456"
            },
            "timeouts": null,
            "vpc_id": "vpc-0c0537324b4a8cdcd"
          },
          "sensitive_attributes": [],
          "private": "eyJlMmJmYjczMC1lY2FhLTExZTYtOGY4OC0zNDM2M2JjN2M0YzAiOnsiY3JlYXRlIjo2MDAwMDAwMDAwMDAsImRlbGV0ZSI6OTAwMDAwMDAwMDAwfSwic2NoZW1hX3ZlcnNpb24iOiIxIn0=",
          "create_before_destroy": true
        }
      ]
    }
  ]
}
